
Microsoft Visual Studio Solution File, Format Version 12.00
# Visual Studio 2013
VisualStudioVersion = 12.0.21005.1
MinimumVisualStudioVersion = 10.0.40219.1
Project("{FAE04EC0-301F-11D3-BF4B-00C04F79EFBC}") = "Praktikum1_fileStream", "Praktikum1_fileStream\Praktikum1_fileStream.csproj", "{40C16A62-7733-41E0-BEF2-5EAD850A374E}"
EndProject
Global
	GlobalSection(SolutionConfigurationPlatforms) = preSolution
		Debug|Any CPU = Debug|Any CPU
		Release|Any CPU = Release|Any CPU
	EndGlobalSection
	GlobalSection(ProjectConfigurationPlatforms) = postSolution
		{40C16A62-7733-41E0-BEF2-5EAD850A374E}.Debug|Any CPU.ActiveCfg = Debug|Any CPU
		{40C16A62-7733-41E0-BEF2-5EAD850A374E}.Debug|Any CPU.Build.0 = Debug|Any CPU
		{40C16A62-7733-41E0-BEF2-5EAD850A374E}.Release|Any CPU.ActiveCfg = Release|Any CPU
		{40C16A62-7733-41E0-BEF2-5EAD850A374E}.Release|Any CPU.Build.0 = Release|Any CPU
	EndGlobalSection
	GlobalSection(SolutionProperties) = preSolution
		HideSolutionNode = FALSE
	EndGlobalSection
EndGlobal
